{
  "nodes": {
    "llama-cpp-src": {
      "flake": false,
      "locked": {
        "lastModified": 1788524558,
        "narHash": "sha256-WImZjO3U9EXZUNP/FMpxo8PaTjQW8X2SBTfGwwFlZIM=",
        "owner": "ggml-org",
        "repo": "llama.cpp",
        "rev": "5266f24da75dc449bd56cbed7addb9c8e4a6a73e",
        "type": "github"
      },
      "original": {
        "owner": "ggml-org",
        "ref": "v0.4.0",
        "repo": "llama.cpp",
        "type": "github"
      }
    },
    "nixpkgs": {
      "locked": {
        "lastModified": 1788881743,
        "narHash": "sha256-2V9GZGvPfrNzxFozhI9dcqV+c3QdA8YZrvAAzqEB+dI=",
        "owner": "NixOS",
        "repo": "nixpkgs",
        "rev": "d6524aaca2ff07876657ae2b323f24be4874944b",
        "type": "github"
      },
      "original": {
        "owner": "NixOS",
        "ref": "nixos-unstable",
        "repo": "nixpkgs",
        "type": "github"
      }
    },
    "root": {
      "inputs": {
        "llama-cpp-src": "llama-cpp-src",
        "nixpkgs": "nixpkgs"
      }
    }
  },
  "root": "root",
  "version": 7
}
